
Microsoft Visual Studio Solution File, Format Version 12.00
# Visual Studio Version 17
VisualStudioVersion = 17.14.36310.24 d17.14
MinimumVisualStudioVersion = 10.0.40219.1
Project("{FAE04EC0-301F-11D3-BF4B-00C04F79EFBC}") = "objects-demo-cs", "objects-demo-cs.csproj", "{FF4C571A-355C-4050-A34D-F5247716AB1C}"
EndProject
Global
	GlobalSection(SolutionConfigurationPlatforms) = preSolution
		Debug|Any CPU = Debug|Any CPU
		Release|Any CPU = Release|Any CPU
	EndGlobalSection
	GlobalSection(ProjectConfigurationPlatforms) = postSolution
		{FF4C571A-355C-4050-A34D-F5247716AB1C}.Debug|Any CPU.ActiveCfg = Debug|Any CPU
		{FF4C571A-355C-4050-A34D-F5247716AB1C}.Debug|Any CPU.Build.0 = Debug|Any CPU
		{FF4C571A-355C-4050-A34D-F5247716AB1C}.Release|Any CPU.ActiveCfg = Release|Any CPU
		{FF4C571A-355C-4050-A34D-F5247716AB1C}.Release|Any CPU.Build.0 = Release|Any CPU
	EndGlobalSection
	GlobalSection(SolutionProperties) = preSolution
		HideSolutionNode = FALSE
	EndGlobalSection
	GlobalSection(ExtensibilityGlobals) = postSolution
		SolutionGuid = {884F8A70-28D2-4FE1-8ED4-6FF7C648F9AF}
	EndGlobalSection
EndGlobal
